
Microsoft Visual Studio Solution File, Format Version 12.00
# Visual Studio Version 16
VisualStudioVersion = 16.0.30503.244
MinimumVisualStudioVersion = 10.0.40219.1
Project("{9A19103F-16F7-4668-BE54-9A1E7A4F7556}") = "KCert", "KCert.csproj", "{DFE80805-E736-4291-8A7E-96F17D38798F}"
EndProject
Global
	GlobalSection(SolutionConfigurationPlatforms) = preSolution
		Debug|Any CPU = Debug|Any CPU
		Release|Any CPU = Release|Any CPU
	EndGlobalSection
	GlobalSection(ProjectConfigurationPlatforms) = postSolution
		{DFE80805-E736-4291-8A7E-96F17D38798F}.Debug|Any CPU.ActiveCfg = Debug|Any CPU
		{DFE80805-E736-4291-8A7E-96F17D38798F}.Debug|Any CPU.Build.0 = Debug|Any CPU
		{DFE80805-E736-4291-8A7E-96F17D38798F}.Release|Any CPU.ActiveCfg = Release|Any CPU
		{DFE80805-E736-4291-8A7E-96F17D38798F}.Release|Any CPU.Build.0 = Release|Any CPU
	EndGlobalSection
	GlobalSection(SolutionProperties) = preSolution
		HideSolutionNode = FALSE
	EndGlobalSection
	GlobalSection(ExtensibilityGlobals) = postSolution
		SolutionGuid = {F7B9107D-F2F7-46D0-93EA-BB422B9CBCE7}
	EndGlobalSection
EndGlobal
